
Microsoft Visual Studio Solution File, Format Version 12.00
# Visual Studio Version 17
VisualStudioVersion = 17.11.35303.130
MinimumVisualStudioVersion = 10.0.40219.1
Project("{8BC9CEB8-8B4A-11D0-8D11-00A0C91BC942}") = "TVector", "TVector\TVector.vcxproj", "{54BF0A85-FDE4-4A38-B2B4-73B0E97DC5F4}"
EndProject
Project("{8BC9CEB8-8B4A-11D0-8D11-00A0C91BC942}") = "MapObject", "MapObject\MapObject.vcxproj", "{A120972C-43F8-402F-9FDF-884C1FFE2663}"
EndProject
Project("{8BC9CEB8-8B4A-11D0-8D11-00A0C91BC942}") = "GameObject", "GameObject\GameObject.vcxproj", "{21714B40-D28A-426E-902B-D175ACD5D947}"
EndProject
Project("{8BC9CEB8-8B4A-11D0-8D11-00A0C91BC942}") = "Room", "Room\Room.vcxproj", "{6158986B-CB9A-44F5-B268-B46FFA3848C9}"
EndProject
Project("{8BC9CEB8-8B4A-11D0-8D11-00A0C91BC942}") = "Castellan", "Castellan\Castellan.vcxproj", "{40282AC4-77CD-4992-9590-A00AE6B3CADF}"
EndProject
Project("{8BC9CEB8-8B4A-11D0-8D11-00A0C91BC942}") = "Player", "Player\Player.vcxproj", "{82A4D2A9-0EB9-4796-8479-39069F14DD5D}"
EndProject
Project("{8BC9CEB8-8B4A-11D0-8D11-00A0C91BC942}") = "Backpack", "Backpack\Backpack.vcxproj", "{8ED29447-CAC9-4ED6-92BE-8026D2BB99F8}"
EndProject
Project("{8BC9CEB8-8B4A-11D0-8D11-00A0C91BC942}") = "GameCard", "GameCard\GameCard.vcxproj", "{42042B6E-A45E-47F4-BF8F-9CBC146310AB}"
EndProject
Project("{8BC9CEB8-8B4A-11D0-8D11-00A0C91BC942}") = "Gameplay", "Gameplay\Gameplay.vcxproj", "{4140910E-7B1B-4B77-BC92-AE4F53347CBD}"
EndProject
Project("{8BC9CEB8-8B4A-11D0-8D11-00A0C91BC942}") = "Hint", "Hint\Hint.vcxproj", "{35EE8F37-FEE6-42FE-A706-1A189075B0DB}"
EndProject
Project("{8BC9CEB8-8B4A-11D0-8D11-00A0C91BC942}") = "Task", "Task\Task.vcxproj", "{01750928-4B05-434A-BE7F-16FAD8520992}"
EndProject
Project("{8BC9CEB8-8B4A-11D0-8D11-00A0C91BC942}") = "GameWindow", "GameWindow\GameWindow.vcxproj", "{376469F7-9A3E-4566-A4DC-952126C60DC1}"
EndProject
Global
	GlobalSection(SolutionConfigurationPlatforms) = preSolution
		Debug|x64 = Debug|x64
		Debug|x86 = Debug|x86
		Release|x64 = Release|x64
		Release|x86 = Release|x86
	EndGlobalSection
	GlobalSection(ProjectConfigurationPlatforms) = postSolution
		{54BF0A85-FDE4-4A38-B2B4-73B0E97DC5F4}.Debug|x64.ActiveCfg = Debug|x64
		{54BF0A85-FDE4-4A38-B2B4-73B0E97DC5F4}.Debug|x64.Build.0 = Debug|x64
		{54BF0A85-FDE4-4A38-B2B4-73B0E97DC5F4}.Debug|x86.ActiveCfg = Debug|Win32
		{54BF0A85-FDE4-4A38-B2B4-73B0E97DC5F4}.Debug|x86.Build.0 = Debug|Win32
		{54BF0A85-FDE4-4A38-B2B4-73B0E97DC5F4}.Release|x64.ActiveCfg = Release|x64
		{54BF0A85-FDE4-4A38-B2B4-73B0E97DC5F4}.Release|x64.Build.0 = Release|x64
		{54BF0A85-FDE4-4A38-B2B4-73B0E97DC5F4}.Release|x86.ActiveCfg = Release|Win32
		{54BF0A85-FDE4-4A38-B2B4-73B0E97DC5F4}.Release|x86.Build.0 = Release|Win32
		{A120972C-43F8-402F-9FDF-884C1FFE2663}.Debug|x64.ActiveCfg = Debug|x64
		{A120972C-43F8-402F-9FDF-884C1FFE2663}.Debug|x64.Build.0 = Debug|x64
		{A120972C-43F8-402F-9FDF-884C1FFE2663}.Debug|x86.ActiveCfg = Debug|Win32
		{A120972C-43F8-402F-9FDF-884C1FFE2663}.Debug|x86.Build.0 = Debug|Win32
		{A120972C-43F8-402F-9FDF-884C1FFE2663}.Release|x64.ActiveCfg = Release|x64
		{A120972C-43F8-402F-9FDF-884C1FFE2663}.Release|x64.Build.0 = Release|x64
		{A120972C-43F8-402F-9FDF-884C1FFE2663}.Release|x86.ActiveCfg = Release|Win32
		{A120972C-43F8-402F-9FDF-884C1FFE2663}.Release|x86.Build.0 = Release|Win32
		{21714B40-D28A-426E-902B-D175ACD5D947}.Debug|x64.ActiveCfg = Debug|x64
		{21714B40-D28A-426E-902B-D175ACD5D947}.Debug|x64.Build.0 = Debug|x64
		{21714B40-D28A-426E-902B-D175ACD5D947}.Debug|x86.ActiveCfg = Debug|Win32
		{21714B40-D28A-426E-902B-D175ACD5D947}.Debug|x86.Build.0 = Debug|Win32
		{21714B40-D28A-426E-902B-D175ACD5D947}.Release|x64.ActiveCfg = Release|x64
		{21714B40-D28A-426E-902B-D175ACD5D947}.Release|x64.Build.0 = Release|x64
		{21714B40-D28A-426E-902B-D175ACD5D947}.Release|x86.ActiveCfg = Release|Win32
		{21714B40-D28A-426E-902B-D175ACD5D947}.Release|x86.Build.0 = Release|Win32
		{6158986B-CB9A-44F5-B268-B46FFA3848C9}.Debug|x64.ActiveCfg = Debug|x64
		{6158986B-CB9A-44F5-B268-B46FFA3848C9}.Debug|x64.Build.0 = Debug|x64
		{6158986B-CB9A-44F5-B268-B46FFA3848C9}.Debug|x86.ActiveCfg = Debug|Win32
		{6158986B-CB9A-44F5-B268-B46FFA3848C9}.Debug|x86.Build.0 = Debug|Win32
		{6158986B-CB9A-44F5-B268-B46FFA3848C9}.Release|x64.ActiveCfg = Release|x64
		{6158986B-CB9A-44F5-B268-B46FFA3848C9}.Release|x64.Build.0 = Release|x64
		{6158986B-CB9A-44F5-B268-B46FFA3848C9}.Release|x86.ActiveCfg = Release|Win32
		{6158986B-CB9A-44F5-B268-B46FFA3848C9}.Release|x86.Build.0 = Release|Win32
		{40282AC4-77CD-4992-9590-A00AE6B3CADF}.Debug|x64.ActiveCfg = Debug|x64
		{40282AC4-77CD-4992-9590-A00AE6B3CADF}.Debug|x64.Build.0 = Debug|x64
		{40282AC4-77CD-4992-9590-A00AE6B3CADF}.Debug|x86.ActiveCfg = Debug|Win32
		{40282AC4-77CD-4992-9590-A00AE6B3CADF}.Debug|x86.Build.0 = Debug|Win32
		{40282AC4-77CD-4992-9590-A00AE6B3CADF}.Release|x64.ActiveCfg = Release|x64
		{40282AC4-77CD-4992-9590-A00AE6B3CADF}.Release|x64.Build.0 = Release|x64
		{40282AC4-77CD-4992-9590-A00AE6B3CADF}.Release|x86.ActiveCfg = Release|Win32
		{40282AC4-77CD-4992-9590-A00AE6B3CADF}.Release|x86.Build.0 = Release|Win32
		{82A4D2A9-0EB9-4796-8479-39069F14DD5D}.Debug|x64.ActiveCfg = Debug|x64
		{82A4D2A9-0EB9-4796-8479-39069F14DD5D}.Debug|x64.Build.0 = Debug|x64
		{82A4D2A9-0EB9-4796-8479-39069F14DD5D}.Debug|x86.ActiveCfg = Debug|Win32
		{82A4D2A9-0EB9-4796-8479-39069F14DD5D}.Debug|x86.Build.0 = Debug|Win32
		{82A4D2A9-0EB9-4796-8479-39069F14DD5D}.Release|x64.ActiveCfg = Release|x64
		{82A4D2A9-0EB9-4796-8479-39069F14DD5D}.Release|x64.Build.0 = Release|x64
		{82A4D2A9-0EB9-4796-8479-39069F14DD5D}.Release|x86.ActiveCfg = Release|Win32
		{82A4D2A9-0EB9-4796-8479-39069F14DD5D}.Release|x86.Build.0 = Release|Win32
		{8ED29447-CAC9-4ED6-92BE-8026D2BB99F8}.Debug|x64.ActiveCfg = Debug|x64
		{8ED29447-CAC9-4ED6-92BE-8026D2BB99F8}.Debug|x64.Build.0 = Debug|x64
		{8ED29447-CAC9-4ED6-92BE-8026D2BB99F8}.Debug|x86.ActiveCfg = Debug|Win32
		{8ED29447-CAC9-4ED6-92BE-8026D2BB99F8}.Debug|x86.Build.0 = Debug|Win32
		{8ED29447-CAC9-4ED6-92BE-8026D2BB99F8}.Release|x64.ActiveCfg = Release|x64
		{8ED29447-CAC9-4ED6-92BE-8026D2BB99F8}.Release|x64.Build.0 = Release|x64
		{8ED29447-CAC9-4ED6-92BE-8026D2BB99F8}.Release|x86.ActiveCfg = Release|Win32
		{8ED29447-CAC9-4ED6-92BE-8026D2BB99F8}.Release|x86.Build.0 = Release|Win32
		{42042B6E-A45E-47F4-BF8F-9CBC146310AB}.Debug|x64.ActiveCfg = Debug|x64
		{42042B6E-A45E-47F4-BF8F-9CBC146310AB}.Debug|x64.Build.0 = Debug|x64
		{42042B6E-A45E-47F4-BF8F-9CBC146310AB}.Debug|x86.ActiveCfg = Debug|Win32
		{42042B6E-A45E-47F4-BF8F-9CBC146310AB}.Debug|x86.Build.0 = Debug|Win32
		{42042B6E-A45E-47F4-BF8F-9CBC146310AB}.Release|x64.ActiveCfg = Release|x64
		{42042B6E-A45E-47F4-BF8F-9CBC146310AB}.Release|x64.Build.0 = Release|x64
		{42042B6E-A45E-47F4-BF8F-9CBC146310AB}.Release|x86.ActiveCfg = Release|Win32
		{42042B6E-A45E-47F4-BF8F-9CBC146310AB}.Release|x86.Build.0 = Release|Win32
		{4140910E-7B1B-4B77-BC92-AE4F53347CBD}.Debug|x64.ActiveCfg = Debug|x64
		{4140910E-7B1B-4B77-BC92-AE4F53347CBD}.Debug|x64.Build.0 = Debug|x64
		{4140910E-7B1B-4B77-BC92-AE4F53347CBD}.Debug|x86.ActiveCfg = Debug|Win32
		{4140910E-7B1B-4B77-BC92-AE4F53347CBD}.Debug|x86.Build.0 = Debug|Win32
		{4140910E-7B1B-4B77-BC92-AE4F53347CBD}.Release|x64.ActiveCfg = Release|x64
		{4140910E-7B1B-4B77-BC92-AE4F53347CBD}.Release|x64.Build.0 = Release|x64
		{4140910E-7B1B-4B77-BC92-AE4F53347CBD}.Release|x86.ActiveCfg = Release|Win32
		{4140910E-7B1B-4B77-BC92-AE4F53347CBD}.Release|x86.Build.0 = Release|Win32
		{35EE8F37-FEE6-42FE-A706-1A189075B0DB}.Debug|x64.ActiveCfg = Debug|x64
		{35EE8F37-FEE6-42FE-A706-1A189075B0DB}.Debug|x64.Build.0 = Debug|x64
		{35EE8F37-FEE6-42FE-A706-1A189075B0DB}.Debug|x86.ActiveCfg = Debug|Win32
		{35EE8F37-FEE6-42FE-A706-1A189075B0DB}.Debug|x86.Build.0 = Debug|Win32
		{35EE8F37-FEE6-42FE-A706-1A189075B0DB}.Release|x64.ActiveCfg = Release|x64
		{35EE8F37-FEE6-42FE-A706-1A189075B0DB}.Release|x64.Build.0 = Release|x64
		{35EE8F37-FEE6-42FE-A706-1A189075B0DB}.Release|x86.ActiveCfg = Release|Win32
		{35EE8F37-FEE6-42FE-A706-1A189075B0DB}.Release|x86.Build.0 = Release|Win32
		{01750928-4B05-434A-BE7F-16FAD8520992}.Debug|x64.ActiveCfg = Debug|x64
		{01750928-4B05-434A-BE7F-16FAD8520992}.Debug|x64.Build.0 = Debug|x64
		{01750928-4B05-434A-BE7F-16FAD8520992}.Debug|x86.ActiveCfg = Debug|Win32
		{01750928-4B05-434A-BE7F-16FAD8520992}.Debug|x86.Build.0 = Debug|Win32
		{01750928-4B05-434A-BE7F-16FAD8520992}.Release|x64.ActiveCfg = Release|x64
		{01750928-4B05-434A-BE7F-16FAD8520992}.Release|x64.Build.0 = Release|x64
		{01750928-4B05-434A-BE7F-16FAD8520992}.Release|x86.ActiveCfg = Release|Win32
		{01750928-4B05-434A-BE7F-16FAD8520992}.Release|x86.Build.0 = Release|Win32
		{376469F7-9A3E-4566-A4DC-952126C60DC1}.Debug|x64.ActiveCfg = Debug|x64
		{376469F7-9A3E-4566-A4DC-952126C60DC1}.Debug|x64.Build.0 = Debug|x64
		{376469F7-9A3E-4566-A4DC-952126C60DC1}.Debug|x86.ActiveCfg = Debug|Win32
		{376469F7-9A3E-4566-A4DC-952126C60DC1}.Debug|x86.Build.0 = Debug|Win32
		{376469F7-9A3E-4566-A4DC-952126C60DC1}.Release|x64.ActiveCfg = Release|x64
		{376469F7-9A3E-4566-A4DC-952126C60DC1}.Release|x64.Build.0 = Release|x64
		{376469F7-9A3E-4566-A4DC-952126C60DC1}.Release|x86.ActiveCfg = Release|Win32
		{376469F7-9A3E-4566-A4DC-952126C60DC1}.Release|x86.Build.0 = Release|Win32
	EndGlobalSection
	GlobalSection(SolutionProperties) = preSolution
		HideSolutionNode = FALSE
	EndGlobalSection
	GlobalSection(ExtensibilityGlobals) = postSolution
		SolutionGuid = {16CB1270-A3F1-4622-8013-AE91511AA56D}
	EndGlobalSection
EndGlobal
